// !$*UTF8*$!
{
	archiveVersion = 1;
	classes = {
	};
	objectVersion = 56;
	objects = {

/* Begin PBXBuildFile section */
		4DEE35E92B84B1740073C18D /* ListTestProjectApp.swift in Sources */ = {isa = PBXBuildFile; fileRef = 4DEE35E82B84B1740073C18D /* ListTestProjectApp.swift */; };
		4DEE35EB2B84B1740073C18D /* TodoListView.swift in Sources */ = {isa = PBXBuildFile; fileRef = 4DEE35EA2B84B1740073C18D /* TodoListView.swift */; };
		4DEE35ED2B84B1760073C18D /* Assets.xcassets in Resources */ = {isa = PBXBuildFile; fileRef = 4DEE35EC2B84B1760073C18D /* Assets.xcassets */; };
		4DEE35F02B84B1760073C18D /* Preview Assets.xcassets in Resources */ = {isa = PBXBuildFile; fileRef = 4DEE35EF2B84B1760073C18D /* Preview Assets.xcassets */; };
		4DEE35FA2B84BBC50073C18D /* Item.swift in Sources */ = {isa = PBXBuildFile; fileRef = 4DEE35F92B84BBC50073C18D /* Item.swift */; };
		4DEE35FC2B84BC1E0073C18D /* TodoListManager.swift in Sources */ = {isa = PBXBuildFile; fileRef = 4DEE35FB2B84BC1E0073C18D /* TodoListManager.swift */; };
		4DEE36052B84E6D70073C18D /* ListTestProjectTests.swift in Sources */ = {isa = PBXBuildFile; fileRef = 4DEE36042B84E6D70073C18D /* ListTestProjectTests.swift */; };
/* End PBXBuildFile section */

/* Begin PBXContainerItemProxy section */
		4DEE36062B84E6D70073C18D /* PBXContainerItemProxy */ = {
			isa = PBXContainerItemProxy;
			containerPortal = 4DEE35DD2B84B1740073C18D /* Project object */;
			proxyType = 1;
			remoteGlobalIDString = 4DEE35E42B84B1740073C18D;
			remoteInfo = ListTestProject;
		};
/* End PBXContainerItemProxy section */

/* Begin PBXFileReference section */
		4DEE35E52B84B1740073C18D /* ListTestProject.app */ = {isa = PBXFileReference; explicitFileType = wrapper.application; includeInIndex = 0; path = ListTestProject.app; sourceTree = BUILT_PRODUCTS_DIR; };
		4DEE35E82B84B1740073C18D /* ListTestProjectApp.swift */ = {isa = PBXFileReference; lastKnownFileType = sourcecode.swift; path = ListTestProjectApp.swift; sourceTree = "<group>"; };
		4DEE35EA2B84B1740073C18D /* TodoListView.swift */ = {isa = PBXFileReference; lastKnownFileType = sourcecode.swift; path = TodoListView.swift; sourceTree = "<group>"; };
		4DEE35EC2B84B1760073C18D /* Assets.xcassets */ = {isa = PBXFileReference; lastKnownFileType = folder.assetcatalog; path = Assets.xcassets; sourceTree = "<group>"; };
		4DEE35EF2B84B1760073C18D /* Preview Assets.xcassets */ = {isa = PBXFileReference; lastKnownFileType = folder.assetcatalog; path = "Preview Assets.xcassets"; sourceTree = "<group>"; };
		4DEE35F92B84BBC50073C18D /* Item.swift */ = {isa = PBXFileReference; lastKnownFileType = sourcecode.swift; path = Item.swift; sourceTree = "<group>"; };
		4DEE35FB2B84BC1E0073C18D /* TodoListManager.swift */ = {isa = PBXFileReference; lastKnownFileType = sourcecode.swift; path = TodoListManager.swift; sourceTree = "<group>"; };
		4DEE36022B84E6D70073C18D /* ListTestProjectTests.xctest */ = {isa = PBXFileReference; explicitFileType = wrapper.cfbundle; includeInIndex = 0; path = ListTestProjectTests.xctest; sourceTree = BUILT_PRODUCTS_DIR; };
		4DEE36042B84E6D70073C18D /* ListTestProjectTests.swift */ = {isa = PBXFileReference; lastKnownFileType = sourcecode.swift; path = ListTestProjectTests.swift; sourceTree = "<group>"; };
/* End PBXFileReference section */

/* Begin PBXFrameworksBuildPhase section */
		4DEE35E22B84B1740073C18D /* Frameworks */ = {
			isa = PBXFrameworksBuildPhase;
			buildActionMask = 2147483647;
			files = (
			);
			runOnlyForDeploymentPostprocessing = 0;
		};
		4DEE35FF2B84E6D70073C18D /* Frameworks */ = {
			isa = PBXFrameworksBuildPhase;
			buildActionMask = 2147483647;
			files = (
			);
			runOnlyForDeploymentPostprocessing = 0;
		};
/* End PBXFrameworksBuildPhase section */

/* Begin PBXGroup section */
		4DEE35DC2B84B1740073C18D = {
			isa = PBXGroup;
			children = (
				4DEE35E72B84B1740073C18D /* ListTestProject */,
				4DEE36032B84E6D70073C18D /* ListTestProjectTests */,
				4DEE35E62B84B1740073C18D /* Products */,
			);
			sourceTree = "<group>";
		};
		4DEE35E62B84B1740073C18D /* Products */ = {
			isa = PBXGroup;
			children = (
				4DEE35E52B84B1740073C18D /* ListTestProject.app */,
				4DEE36022B84E6D70073C18D /* ListTestProjectTests.xctest */,
			);
			name = Products;
			sourceTree = "<group>";
		};
		4DEE35E72B84B1740073C18D /* ListTestProject */ = {
			isa = PBXGroup;
			children = (
				4DEE35E82B84B1740073C18D /* ListTestProjectApp.swift */,
				4DEE35F62B84BB650073C18D /* Model */,
				4DEE35F72B84BB6E0073C18D /* ViewModel */,
				4DEE35F82B84BB7F0073C18D /* Views */,
				4DEE35EC2B84B1760073C18D /* Assets.xcassets */,
				4DEE35EE2B84B1760073C18D /* Preview Content */,
			);
			path = ListTestProject;
			sourceTree = "<group>";
		};
		4DEE35EE2B84B1760073C18D /* Preview Content */ = {
			isa = PBXGroup;
			children = (
				4DEE35EF2B84B1760073C18D /* Preview Assets.xcassets */,
			);
			path = "Preview Content";
			sourceTree = "<group>";
		};
		4DEE35F62B84BB650073C18D /* Model */ = {
			isa = PBXGroup;
			children = (
				4DEE35F92B84BBC50073C18D /* Item.swift */,
			);
			path = Model;
			sourceTree = "<group>";
		};
		4DEE35F72B84BB6E0073C18D /* ViewModel */ = {
			isa = PBXGroup;
			children = (
				4DEE35FB2B84BC1E0073C18D /* TodoListManager.swift */,
			);
			path = ViewModel;
			sourceTree = "<group>";
		};
		4DEE35F82B84BB7F0073C18D /* Views */ = {
			isa = PBXGroup;
			children = (
				4DEE35EA2B84B1740073C18D /* TodoListView.swift */,
			);
			path = Views;
			sourceTree = "<group>";
		};
		4DEE36032B84E6D70073C18D /* ListTestProjectTests */ = {
			isa = PBXGroup;
			children = (
				4DEE36042B84E6D70073C18D /* ListTestProjectTests.swift */,
			);
			path = ListTestProjectTests;
			sourceTree = "<group>";
		};
/* End PBXGroup section */

/* Begin PBXNativeTarget section */
		4DEE35E42B84B1740073C18D /* ListTestProject */ = {
			isa = PBXNativeTarget;
			buildConfigurationList = 4DEE35F32B84B1760073C18D /* Build configuration list for PBXNativeTarget "ListTestProject" */;
			buildPhases = (
				4DEE35E12B84B1740073C18D /* Sources */,
				4DEE35E22B84B1740073C18D /* Frameworks */,
				4DEE35E32B84B1740073C18D /* Resources */,
			);
			buildRules = (
			);
			dependencies = (
			);
			name = ListTestProject;
			productName = ListTestProject;
			productReference = 4DEE35E52B84B1740073C18D /* ListTestProject.app */;
			productType = "com.apple.product-type.application";
		};
		4DEE36012B84E6D70073C18D /* ListTestProjectTests */ = {
			isa = PBXNativeTarget;
			buildConfigurationList = 4DEE36082B84E6D70073C18D /* Build configuration list for PBXNativeTarget "ListTestProjectTests" */;
			buildPhases = (
				4DEE35FE2B84E6D70073C18D /* Sources */,
				4DEE35FF2B84E6D70073C18D /* Frameworks */,
				4DEE36002B84E6D70073C18D /* Resources */,
			);
			buildRules = (
			);
			dependencies = (
				4DEE36072B84E6D70073C18D /* PBXTargetDependency */,
			);
			name = ListTestProjectTests;
			productName = ListTestProjectTests;
			productReference = 4DEE36022B84E6D70073C18D /* ListTestProjectTests.xctest */;
			productType = "com.apple.product-type.bundle.unit-test";
		};
/* End PBXNativeTarget section */

/* Begin PBXProject section */
		4DEE35DD2B84B1740073C18D /* Project object */ = {
			isa = PBXProject;
			attributes = {
				BuildIndependentTargetsInParallel = 1;
				LastSwiftUpdateCheck = 1520;
				LastUpgradeCheck = 1520;
				TargetAttributes = {
					4DEE35E42B84B1740073C18D = {
						CreatedOnToolsVersion = 15.2;
					};
					4DEE36012B84E6D70073C18D = {
						CreatedOnToolsVersion = 15.2;
						TestTargetID = 4DEE35E42B84B1740073C18D;
					};
				};
			};
			buildConfigurationList = 4DEE35E02B84B1740073C18D /* Build configuration list for PBXProject "ListTestProject" */;
			compatibilityVersion = "Xcode 14.0";
			developmentRegion = en;
			hasScannedForEncodings = 0;
			knownRegions = (
				en,
				Base,
			);
			mainGroup = 4DEE35DC2B84B1740073C18D;
			productRefGroup = 4DEE35E62B84B1740073C18D /* Products */;
			projectDirPath = "";
			projectRoot = "";
			targets = (
				4DEE35E42B84B1740073C18D /* ListTestProject */,
				4DEE36012B84E6D70073C18D /* ListTestProjectTests */,
			);
		};
/* End PBXProject section */

/* Begin PBXResourcesBuildPhase section */
		4DEE35E32B84B1740073C18D /* Resources */ = {
			isa = PBXResourcesBuildPhase;
			buildActionMask = 2147483647;
			files = (
				4DEE35F02B84B1760073C18D /* Preview Assets.xcassets in Resources */,
				4DEE35ED2B84B1760073C18D /* Assets.xcassets in Resources */,
			);
			runOnlyForDeploymentPostprocessing = 0;
		};
		4DEE36002B84E6D70073C18D /* Resources */ = {
			isa = PBXResourcesBuildPhase;
			buildActionMask = 2147483647;
			files = (
			);
			runOnlyForDeploymentPostprocessing = 0;
		};
/* End PBXResourcesBuildPhase section */

/* Begin PBXSourcesBuildPhase section */
		4DEE35E12B84B1740073C18D /* Sources */ = {
			isa = PBXSourcesBuildPhase;
			buildActionMask = 2147483647;
			files = (
				4DEE35EB2B84B1740073C18D /* TodoListView.swift in Sources */,
				4DEE35FC2B84BC1E0073C18D /* TodoListManager.swift in Sources */,
				4DEE35FA2B84BBC50073C18D /* Item.swift in Sources */,
				4DEE35E92B84B1740073C18D /* ListTestProjectApp.swift in Sources */,
			);
			runOnlyForDeploymentPostprocessing = 0;
		};
		4DEE35FE2B84E6D70073C18D /* Sources */ = {
			isa = PBXSourcesBuildPhase;
			buildActionMask = 2147483647;
			files = (
				4DEE36052B84E6D70073C18D /* ListTestProjectTests.swift in Sources */,
			);
			runOnlyForDeploymentPostprocessing = 0;
		};
/* End PBXSourcesBuildPhase section */

/* Begin PBXTargetDependency section */
		4DEE36072B84E6D70073C18D /* PBXTargetDependency */ = {
			isa = PBXTargetDependency;
			target = 4DEE35E42B84B1740073C18D /* ListTestProject */;
			targetProxy = 4DEE36062B84E6D70073C18D /* PBXContainerItemProxy */;
		};
/* End PBXTargetDependency section */

/* Begin XCBuildConfiguration section */
		4DEE35F12B84B1760073C18D /* Debug */ = {
			isa = XCBuildConfiguration;
			buildSettings = {
				ALWAYS_SEARCH_USER_PATHS = NO;
				ASSETCATALOG_COMPILER_GENERATE_SWIFT_ASSET_SYMBOL_EXTENSIONS = YES;
				CLANG_ANALYZER_NONNULL = YES;
				CLANG_ANALYZER_NUMBER_OBJECT_CONVERSION = YES_AGGRESSIVE;
				CLANG_CXX_LANGUAGE_STANDARD = "gnu++20";
				CLANG_ENABLE_MODULES = YES;
				CLANG_ENABLE_OBJC_ARC = YES;
				CLANG_ENABLE_OBJC_WEAK = YES;
				CLANG_WARN_BLOCK_CAPTURE_AUTORELEASING = YES;
				CLANG_WARN_BOOL_CONVERSION = YES;
				CLANG_WARN_COMMA = YES;
				CLANG_WARN_CONSTANT_CONVERSION = YES;
				CLANG_WARN_DEPRECATED_OBJC_IMPLEMENTATIONS = YES;
				CLANG_WARN_DIRECT_OBJC_ISA_USAGE = YES_ERROR;
				CLANG_WARN_DOCUMENTATION_COMMENTS = YES;
				CLANG_WARN_EMPTY_BODY = YES;
				CLANG_WARN_ENUM_CONVERSION = YES;
				CLANG_WARN_INFINITE_RECURSION = YES;
				CLANG_WARN_INT_CONVERSION = YES;
				CLANG_WARN_NON_LITERAL_NULL_CONVERSION = YES;
				CLANG_WARN_OBJC_IMPLICIT_RETAIN_SELF = YES;
				CLANG_WARN_OBJC_LITERAL_CONVERSION = YES;
				CLANG_WARN_OBJC_ROOT_CLASS = YES_ERROR;
				CLANG_WARN_QUOTED_INCLUDE_IN_FRAMEWORK_HEADER = YES;
				CLANG_WARN_RANGE_LOOP_ANALYSIS = YES;
				CLANG_WARN_STRICT_PROTOTYPES = YES;
				CLANG_WARN_SUSPICIOUS_MOVE = YES;
				CLANG_WARN_UNGUARDED_AVAILABILITY = YES_AGGRESSIVE;
				CLANG_WARN_UNREACHABLE_CODE = YES;
				CLANG_WARN__DUPLICATE_METHOD_MATCH = YES;
				COPY_PHASE_STRIP = NO;
				DEBUG_INFORMATION_FORMAT = dwarf;
				ENABLE_STRICT_OBJC_MSGSEND = YES;
				ENABLE_TESTABILITY = YES;
				ENABLE_USER_SCRIPT_SANDBOXING = YES;
				GCC_C_LANGUAGE_STANDARD = gnu17;
				GCC_DYNAMIC_NO_PIC = NO;
				GCC_NO_COMMON_BLOCKS = YES;
				GCC_OPTIMIZATION_LEVEL = 0;
				GCC_PREPROCESSOR_DEFINITIONS = (
					"DEBUG=1",
					"$(inherited)",
				);
				GCC_WARN_64_TO_32_BIT_CONVERSION = YES;
				GCC_WARN_ABOUT_RETURN_TYPE = YES_ERROR;
				GCC_WARN_UNDECLARED_SELECTOR = YES;
				GCC_WARN_UNINITIALIZED_AUTOS = YES_AGGRESSIVE;
				GCC_WARN_UNUSED_FUNCTION = YES;
				GCC_WARN_UNUSED_VARIABLE = YES;
				IPHONEOS_DEPLOYMENT_TARGET = 17.2;
				LOCALIZATION_PREFERS_STRING_CATALOGS = YES;
				MTL_ENABLE_DEBUG_INFO = INCLUDE_SOURCE;
				MTL_FAST_MATH = YES;
				ONLY_ACTIVE_ARCH = YES;
				SDKROOT = iphoneos;
				SWIFT_ACTIVE_COMPILATION_CONDITIONS = "DEBUG $(inherited)";
				SWIFT_OPTIMIZATION_LEVEL = "-Onone";
			};
			name = Debug;
		};
		4DEE35F22B84B1760073C18D /* Release */ = {
			isa = XCBuildConfiguration;
			buildSettings = {
				ALWAYS_SEARCH_USER_PATHS = NO;
				ASSETCATALOG_COMPILER_GENERATE_SWIFT_ASSET_SYMBOL_EXTENSIONS = YES;
				CLANG_ANALYZER_NONNULL = YES;
				CLANG_ANALYZER_NUMBER_OBJECT_CONVERSION = YES_AGGRESSIVE;
				CLANG_CXX_LANGUAGE_STANDARD = "gnu++20";
				CLANG_ENABLE_MODULES = YES;
				CLANG_ENABLE_OBJC_ARC = YES;
				CLANG_ENABLE_OBJC_WEAK = YES;
				CLANG_WARN_BLOCK_CAPTURE_AUTORELEASING = YES;
				CLANG_WARN_BOOL_CONVERSION = YES;
				CLANG_WARN_COMMA = YES;
				CLANG_WARN_CONSTANT_CONVERSION = YES;
				CLANG_WARN_DEPRECATED_OBJC_IMPLEMENTATIONS = YES;
				CLANG_WARN_DIRECT_OBJC_ISA_USAGE = YES_ERROR;
				CLANG_WARN_DOCUMENTATION_COMMENTS = YES;
				CLANG_WARN_EMPTY_BODY = YES;
				CLANG_WARN_ENUM_CONVERSION = YES;
				CLANG_WARN_INFINITE_RECURSION = YES;
				CLANG_WARN_INT_CONVERSION = YES;
				CLANG_WARN_NON_LITERAL_NULL_CONVERSION = YES;
				CLANG_WARN_OBJC_IMPLICIT_RETAIN_SELF = YES;
				CLANG_WARN_OBJC_LITERAL_CONVERSION = YES;
				CLANG_WARN_OBJC_ROOT_CLASS = YES_ERROR;
				CLANG_WARN_QUOTED_INCLUDE_IN_FRAMEWORK_HEADER = YES;
				CLANG_WARN_RANGE_LOOP_ANALYSIS = YES;
				CLANG_WARN_STRICT_PROTOTYPES = YES;
				CLANG_WARN_SUSPICIOUS_MOVE = YES;
				CLANG_WARN_UNGUARDED_AVAILABILITY = YES_AGGRESSIVE;
				CLANG_WARN_UNREACHABLE_CODE = YES;
				CLANG_WARN__DUPLICATE_METHOD_MATCH = YES;
				COPY_PHASE_STRIP = NO;
				DEBUG_INFORMATION_FORMAT = "dwarf-with-dsym";
				ENABLE_NS_ASSERTIONS = NO;
				ENABLE_STRICT_OBJC_MSGSEND = YES;
				ENABLE_USER_SCRIPT_SANDBOXING = YES;
				GCC_C_LANGUAGE_STANDARD = gnu17;
				GCC_NO_COMMON_BLOCKS = YES;
				GCC_WARN_64_TO_32_BIT_CONVERSION = YES;
				GCC_WARN_ABOUT_RETURN_TYPE = YES_ERROR;
				GCC_WARN_UNDECLARED_SELECTOR = YES;
				GCC_WARN_UNINITIALIZED_AUTOS = YES_AGGRESSIVE;
				GCC_WARN_UNUSED_FUNCTION = YES;
				GCC_WARN_UNUSED_VARIABLE = YES;
				IPHONEOS_DEPLOYMENT_TARGET = 17.2;
				LOCALIZATION_PREFERS_STRING_CATALOGS = YES;
				MTL_ENABLE_DEBUG_INFO = NO;
				MTL_FAST_MATH = YES;
				SDKROOT = iphoneos;
				SWIFT_COMPILATION_MODE = wholemodule;
				VALIDATE_PRODUCT = YES;
			};
			name = Release;
		};
		4DEE35F42B84B1760073C18D /* Debug */ = {
			isa = XCBuildConfiguration;
			buildSettings = {
				ASSETCATALOG_COMPILER_APPICON_NAME = AppIcon;
				ASSETCATALOG_COMPILER_GLOBAL_ACCENT_COLOR_NAME = AccentColor;
				CODE_SIGN_STYLE = Automatic;
				CURRENT_PROJECT_VERSION = 1;
				DEVELOPMENT_ASSET_PATHS = "\"ListTestProject/Preview Content\"";
				ENABLE_PREVIEWS = YES;
				GENERATE_INFOPLIST_FILE = YES;
				INFOPLIST_KEY_UIApplicationSceneManifest_Generation = YES;
				INFOPLIST_KEY_UIApplicationSupportsIndirectInputEvents = YES;
				INFOPLIST_KEY_UILaunchScreen_Generation = YES;
				INFOPLIST_KEY_UISupportedInterfaceOrientations_iPad = "UIInterfaceOrientationPortrait UIInterfaceOrientationPortraitUpsideDown UIInterfaceOrientationLandscapeLeft UIInterfaceOrientationLandscapeRight";
				INFOPLIST_KEY_UISupportedInterfaceOrientations_iPhone = "UIInterfaceOrientationPortrait UIInterfaceOrientationLandscapeLeft UIInterfaceOrientationLandscapeRight";
				LD_RUNPATH_SEARCH_PATHS = (
					"$(inherited)",
					"@executable_path/Frameworks",
				);
				MARKETING_VERSION = 1.0;
				PRODUCT_BUNDLE_IDENTIFIER = com.vera.ListTestProject;
				PRODUCT_NAME = "$(TARGET_NAME)";
				SWIFT_EMIT_LOC_STRINGS = YES;
				SWIFT_VERSION = 5.0;
				TARGETED_DEVICE_FAMILY = "1,2";
			};
			name = Debug;
		};
		4DEE35F52B84B1760073C18D /* Release */ = {
			isa = XCBuildConfiguration;
			buildSettings = {
				ASSETCATALOG_COMPILER_APPICON_NAME = AppIcon;
				ASSETCATALOG_COMPILER_GLOBAL_ACCENT_COLOR_NAME = AccentColor;
				CODE_SIGN_STYLE = Automatic;
				CURRENT_PROJECT_VERSION = 1;
				DEVELOPMENT_ASSET_PATHS = "\"ListTestProject/Preview Content\"";
				ENABLE_PREVIEWS = YES;
				GENERATE_INFOPLIST_FILE = YES;
				INFOPLIST_KEY_UIApplicationSceneManifest_Generation = YES;
				INFOPLIST_KEY_UIApplicationSupportsIndirectInputEvents = YES;
				INFOPLIST_KEY_UILaunchScreen_Generation = YES;
				INFOPLIST_KEY_UISupportedInterfaceOrientations_iPad = "UIInterfaceOrientationPortrait UIInterfaceOrientationPortraitUpsideDown UIInterfaceOrientationLandscapeLeft UIInterfaceOrientationLandscapeRight";
				INFOPLIST_KEY_UISupportedInterfaceOrientations_iPhone = "UIInterfaceOrientationPortrait UIInterfaceOrientationLandscapeLeft UIInterfaceOrientationLandscapeRight";
				LD_RUNPATH_SEARCH_PATHS = (
					"$(inherited)",
					"@executable_path/Frameworks",
				);
				MARKETING_VERSION = 1.0;
				PRODUCT_BUNDLE_IDENTIFIER = com.vera.ListTestProject;
				PRODUCT_NAME = "$(TARGET_NAME)";
				SWIFT_EMIT_LOC_STRINGS = YES;
				SWIFT_VERSION = 5.0;
				TARGETED_DEVICE_FAMILY = "1,2";
			};
			name = Release;
		};
		4DEE36092B84E6D70073C18D /* Debug */ = {
			isa = XCBuildConfiguration;
			buildSettings = {
				BUNDLE_LOADER = "$(TEST_HOST)";
				CODE_SIGN_STYLE = Automatic;
				CURRENT_PROJECT_VERSION = 1;
				GENERATE_INFOPLIST_FILE = YES;
				IPHONEOS_DEPLOYMENT_TARGET = 17.2;
				MACOSX_DEPLOYMENT_TARGET = 14.1;
				MARKETING_VERSION = 1.0;
				PRODUCT_BUNDLE_IDENTIFIER = com.vera.ListTestProjectTests;
				PRODUCT_NAME = "$(TARGET_NAME)";
				SDKROOT = auto;
				SUPPORTED_PLATFORMS = "iphoneos iphonesimulator macosx";
				SWIFT_EMIT_LOC_STRINGS = NO;
				SWIFT_VERSION = 5.0;
				TARGETED_DEVICE_FAMILY = "1,2";
				TEST_HOST = "$(BUILT_PRODUCTS_DIR)/ListTestProject.app/$(BUNDLE_EXECUTABLE_FOLDER_PATH)/ListTestProject";
			};
			name = Debug;
		};
		4DEE360A2B84E6D70073C18D /* Release */ = {
			isa = XCBuildConfiguration;
			buildSettings = {
				BUNDLE_LOADER = "$(TEST_HOST)";
				CODE_SIGN_STYLE = Automatic;
				CURRENT_PROJECT_VERSION = 1;
				GENERATE_INFOPLIST_FILE = YES;
				IPHONEOS_DEPLOYMENT_TARGET = 17.2;
				MACOSX_DEPLOYMENT_TARGET = 14.1;
				MARKETING_VERSION = 1.0;
				PRODUCT_BUNDLE_IDENTIFIER = com.vera.ListTestProjectTests;
				PRODUCT_NAME = "$(TARGET_NAME)";
				SDKROOT = auto;
				SUPPORTED_PLATFORMS = "iphoneos iphonesimulator macosx";
				SWIFT_EMIT_LOC_STRINGS = NO;
				SWIFT_VERSION = 5.0;
				TARGETED_DEVICE_FAMILY = "1,2";
				TEST_HOST = "$(BUILT_PRODUCTS_DIR)/ListTestProject.app/$(BUNDLE_EXECUTABLE_FOLDER_PATH)/ListTestProject";
			};
			name = Release;
		};
/* End XCBuildConfiguration section */

/* Begin XCConfigurationList section */
		4DEE35E02B84B1740073C18D /* Build configuration list for PBXProject "ListTestProject" */ = {
			isa = XCConfigurationList;
			buildConfigurations = (
				4DEE35F12B84B1760073C18D /* Debug */,
				4DEE35F22B84B1760073C18D /* Release */,
			);
			defaultConfigurationIsVisible = 0;
			defaultConfigurationName = Release;
		};
		4DEE35F32B84B1760073C18D /* Build configuration list for PBXNativeTarget "ListTestProject" */ = {
			isa = XCConfigurationList;
			buildConfigurations = (
				4DEE35F42B84B1760073C18D /* Debug */,
				4DEE35F52B84B1760073C18D /* Release */,
			);
			defaultConfigurationIsVisible = 0;
			defaultConfigurationName = Release;
		};
		4DEE36082B84E6D70073C18D /* Build configuration list for PBXNativeTarget "ListTestProjectTests" */ = {
			isa = XCConfigurationList;
			buildConfigurations = (
				4DEE36092B84E6D70073C18D /* Debug */,
				4DEE360A2B84E6D70073C18D /* Release */,
			);
			defaultConfigurationIsVisible = 0;
			defaultConfigurationName = Release;
		};
/* End XCConfigurationList section */
	};
	rootObject = 4DEE35DD2B84B1740073C18D /* Project object */;
}
